
Microsoft Visual Studio Solution File, Format Version 12.00
# Visual Studio Version 17
VisualStudioVersion = 17.7.34009.444
MinimumVisualStudioVersion = 10.0.40219.1
Project("{9A19103F-16F7-4668-BE54-9A1E7A4F7556}") = "Api", "FacadeСalculator\Api.csproj", "{37BA5625-F0B2-47D5-A53A-912906357E59}"
EndProject
Project("{9A19103F-16F7-4668-BE54-9A1E7A4F7556}") = "ApiModels", "ApiModels\ApiModels.csproj", "{656DEF5E-B98B-4379-A9E2-C3E65A7633F7}"
EndProject
Project("{9A19103F-16F7-4668-BE54-9A1E7A4F7556}") = "Models", "Models\Models.csproj", "{3BC297E2-B533-4CB0-BFEE-06686A360DDA}"
EndProject
Project("{9A19103F-16F7-4668-BE54-9A1E7A4F7556}") = "FacadeCalculator", "FacadeCalculator\FacadeCalculator.csproj", "{D447F220-7497-423D-81FF-1014E28BA3FF}"
EndProject
Project("{FAE04EC0-301F-11D3-BF4B-00C04F79EFBC}") = "Tests", "Tests\Tests.csproj", "{D974963D-E430-41D7-9122-4D8E953B627E}"
EndProject
Global
	GlobalSection(SolutionConfigurationPlatforms) = preSolution
		Debug|Any CPU = Debug|Any CPU
		Release|Any CPU = Release|Any CPU
	EndGlobalSection
	GlobalSection(ProjectConfigurationPlatforms) = postSolution
		{37BA5625-F0B2-47D5-A53A-912906357E59}.Debug|Any CPU.ActiveCfg = Debug|Any CPU
		{37BA5625-F0B2-47D5-A53A-912906357E59}.Debug|Any CPU.Build.0 = Debug|Any CPU
		{37BA5625-F0B2-47D5-A53A-912906357E59}.Release|Any CPU.ActiveCfg = Release|Any CPU
		{37BA5625-F0B2-47D5-A53A-912906357E59}.Release|Any CPU.Build.0 = Release|Any CPU
		{656DEF5E-B98B-4379-A9E2-C3E65A7633F7}.Debug|Any CPU.ActiveCfg = Debug|Any CPU
		{656DEF5E-B98B-4379-A9E2-C3E65A7633F7}.Debug|Any CPU.Build.0 = Debug|Any CPU
		{656DEF5E-B98B-4379-A9E2-C3E65A7633F7}.Release|Any CPU.ActiveCfg = Release|Any CPU
		{656DEF5E-B98B-4379-A9E2-C3E65A7633F7}.Release|Any CPU.Build.0 = Release|Any CPU
		{3BC297E2-B533-4CB0-BFEE-06686A360DDA}.Debug|Any CPU.ActiveCfg = Debug|Any CPU
		{3BC297E2-B533-4CB0-BFEE-06686A360DDA}.Debug|Any CPU.Build.0 = Debug|Any CPU
		{3BC297E2-B533-4CB0-BFEE-06686A360DDA}.Release|Any CPU.ActiveCfg = Release|Any CPU
		{3BC297E2-B533-4CB0-BFEE-06686A360DDA}.Release|Any CPU.Build.0 = Release|Any CPU
		{D447F220-7497-423D-81FF-1014E28BA3FF}.Debug|Any CPU.ActiveCfg = Debug|Any CPU
		{D447F220-7497-423D-81FF-1014E28BA3FF}.Debug|Any CPU.Build.0 = Debug|Any CPU
		{D447F220-7497-423D-81FF-1014E28BA3FF}.Release|Any CPU.ActiveCfg = Release|Any CPU
		{D447F220-7497-423D-81FF-1014E28BA3FF}.Release|Any CPU.Build.0 = Release|Any CPU
		{D974963D-E430-41D7-9122-4D8E953B627E}.Debug|Any CPU.ActiveCfg = Debug|Any CPU
		{D974963D-E430-41D7-9122-4D8E953B627E}.Debug|Any CPU.Build.0 = Debug|Any CPU
		{D974963D-E430-41D7-9122-4D8E953B627E}.Release|Any CPU.ActiveCfg = Release|Any CPU
		{D974963D-E430-41D7-9122-4D8E953B627E}.Release|Any CPU.Build.0 = Release|Any CPU
	EndGlobalSection
	GlobalSection(SolutionProperties) = preSolution
		HideSolutionNode = FALSE
	EndGlobalSection
	GlobalSection(ExtensibilityGlobals) = postSolution
		SolutionGuid = {19C90B0A-E2C6-4933-B589-234B5B59D3F6}
	EndGlobalSection
EndGlobal
